
Microsoft Visual Studio Solution File, Format Version 12.00
# Visual Studio Version 17
VisualStudioVersion = 17.4.33213.308
MinimumVisualStudioVersion = 10.0.40219.1
Project("{FAE04EC0-301F-11D3-BF4B-00C04F79EFBC}") = "proveedores_backend", "proveedores_backend\proveedores_backend.csproj", "{5727E1E1-86BA-4F24-9B51-071430CACC20}"
EndProject
Global
	GlobalSection(SolutionConfigurationPlatforms) = preSolution
		Debug|Any CPU = Debug|Any CPU
		Release|Any CPU = Release|Any CPU
	EndGlobalSection
	GlobalSection(ProjectConfigurationPlatforms) = postSolution
		{5727E1E1-86BA-4F24-9B51-071430CACC20}.Debug|Any CPU.ActiveCfg = Debug|Any CPU
		{5727E1E1-86BA-4F24-9B51-071430CACC20}.Debug|Any CPU.Build.0 = Debug|Any CPU
		{5727E1E1-86BA-4F24-9B51-071430CACC20}.Release|Any CPU.ActiveCfg = Release|Any CPU
		{5727E1E1-86BA-4F24-9B51-071430CACC20}.Release|Any CPU.Build.0 = Release|Any CPU
	EndGlobalSection
	GlobalSection(SolutionProperties) = preSolution
		HideSolutionNode = FALSE
	EndGlobalSection
	GlobalSection(ExtensibilityGlobals) = postSolution
		SolutionGuid = {5B3D2ECF-BB54-470E-9BBF-AA0D3D4F4660}
	EndGlobalSection
EndGlobal
